
Microsoft Visual Studio Solution File, Format Version 12.00
# Visual Studio Version 17
VisualStudioVersion = 17.3.32825.248
MinimumVisualStudioVersion = 10.0.40219.1
Project("{FAE04EC0-301F-11D3-BF4B-00C04F79EFBC}") = "BasicCalculatorServer", "BasicCalculatorServer\BasicCalculatorServer.csproj", "{33638D00-0B9C-4BC4-BAD8-73FCE6472FE1}"
EndProject
Project("{FAE04EC0-301F-11D3-BF4B-00C04F79EFBC}") = "BasicWebCalculator", "BasicWebCalculator\BasicWebCalculator.csproj", "{2CA40A3F-924C-4C03-AF4F-C9648B658E51}"
EndProject
Global
	GlobalSection(SolutionConfigurationPlatforms) = preSolution
		Debug|Any CPU = Debug|Any CPU
		Release|Any CPU = Release|Any CPU
	EndGlobalSection
	GlobalSection(ProjectConfigurationPlatforms) = postSolution
		{33638D00-0B9C-4BC4-BAD8-73FCE6472FE1}.Debug|Any CPU.ActiveCfg = Debug|Any CPU
		{33638D00-0B9C-4BC4-BAD8-73FCE6472FE1}.Debug|Any CPU.Build.0 = Debug|Any CPU
		{33638D00-0B9C-4BC4-BAD8-73FCE6472FE1}.Release|Any CPU.ActiveCfg = Release|Any CPU
		{33638D00-0B9C-4BC4-BAD8-73FCE6472FE1}.Release|Any CPU.Build.0 = Release|Any CPU
		{2CA40A3F-924C-4C03-AF4F-C9648B658E51}.Debug|Any CPU.ActiveCfg = Debug|Any CPU
		{2CA40A3F-924C-4C03-AF4F-C9648B658E51}.Debug|Any CPU.Build.0 = Debug|Any CPU
		{2CA40A3F-924C-4C03-AF4F-C9648B658E51}.Release|Any CPU.ActiveCfg = Release|Any CPU
		{2CA40A3F-924C-4C03-AF4F-C9648B658E51}.Release|Any CPU.Build.0 = Release|Any CPU
	EndGlobalSection
	GlobalSection(SolutionProperties) = preSolution
		HideSolutionNode = FALSE
	EndGlobalSection
	GlobalSection(ExtensibilityGlobals) = postSolution
		SolutionGuid = {CBC7DDF5-9C4D-4425-8012-E5A3C318CAC1}
	EndGlobalSection
EndGlobal
